
Microsoft Visual Studio Solution File, Format Version 12.00
# Visual Studio 2013
VisualStudioVersion = 12.0.30501.0
MinimumVisualStudioVersion = 10.0.40219.1
Project("{FAE04EC0-301F-11D3-BF4B-00C04F79EFBC}") = "Wcfjejz", "Wcfjejz\Wcfjejz.csproj", "{6BE3BC6D-AA2E-4944-98C7-A80E911D5A9A}"
EndProject
Project("{FAE04EC0-301F-11D3-BF4B-00C04F79EFBC}") = "jejzHosting", "jejzHosting\jejzHosting.csproj", "{5795FA76-E9B2-46FD-A81C-CFCDA864F139}"
EndProject
Global
	GlobalSection(SolutionConfigurationPlatforms) = preSolution
		Debug|Any CPU = Debug|Any CPU
		Release|Any CPU = Release|Any CPU
	EndGlobalSection
	GlobalSection(ProjectConfigurationPlatforms) = postSolution
		{6BE3BC6D-AA2E-4944-98C7-A80E911D5A9A}.Debug|Any CPU.ActiveCfg = Debug|Any CPU
		{6BE3BC6D-AA2E-4944-98C7-A80E911D5A9A}.Debug|Any CPU.Build.0 = Debug|Any CPU
		{6BE3BC6D-AA2E-4944-98C7-A80E911D5A9A}.Release|Any CPU.ActiveCfg = Release|Any CPU
		{6BE3BC6D-AA2E-4944-98C7-A80E911D5A9A}.Release|Any CPU.Build.0 = Release|Any CPU
		{5795FA76-E9B2-46FD-A81C-CFCDA864F139}.Debug|Any CPU.ActiveCfg = Debug|Any CPU
		{5795FA76-E9B2-46FD-A81C-CFCDA864F139}.Debug|Any CPU.Build.0 = Debug|Any CPU
		{5795FA76-E9B2-46FD-A81C-CFCDA864F139}.Release|Any CPU.ActiveCfg = Release|Any CPU
		{5795FA76-E9B2-46FD-A81C-CFCDA864F139}.Release|Any CPU.Build.0 = Release|Any CPU
	EndGlobalSection
	GlobalSection(SolutionProperties) = preSolution
		HideSolutionNode = FALSE
	EndGlobalSection
EndGlobal
